
Microsoft Visual Studio Solution File, Format Version 12.00
# Visual Studio Version 17
VisualStudioVersion = 17.7.34031.279
MinimumVisualStudioVersion = 10.0.40219.1
Project("{9A19103F-16F7-4668-BE54-9A1E7A4F7556}") = "PaymentAPI", "PaymentAPI.csproj", "{C28547E7-BA1C-40BC-99B6-29C988B48A1F}"
EndProject
Global
	GlobalSection(SolutionConfigurationPlatforms) = preSolution
		Debug|Any CPU = Debug|Any CPU
		Release|Any CPU = Release|Any CPU
	EndGlobalSection
	GlobalSection(ProjectConfigurationPlatforms) = postSolution
		{C28547E7-BA1C-40BC-99B6-29C988B48A1F}.Debug|Any CPU.ActiveCfg = Debug|Any CPU
		{C28547E7-BA1C-40BC-99B6-29C988B48A1F}.Debug|Any CPU.Build.0 = Debug|Any CPU
		{C28547E7-BA1C-40BC-99B6-29C988B48A1F}.Release|Any CPU.ActiveCfg = Release|Any CPU
		{C28547E7-BA1C-40BC-99B6-29C988B48A1F}.Release|Any CPU.Build.0 = Release|Any CPU
	EndGlobalSection
	GlobalSection(SolutionProperties) = preSolution
		HideSolutionNode = FALSE
	EndGlobalSection
	GlobalSection(ExtensibilityGlobals) = postSolution
		SolutionGuid = {D20BA54F-15A7-4FB8-9FA7-E4A634DDFFA4}
	EndGlobalSection
EndGlobal
